
Microsoft Visual Studio Solution File, Format Version 12.00
# Visual Studio Version 16
VisualStudioVersion = 16.0.29020.237
MinimumVisualStudioVersion = 10.0.40219.1
Project("{9A19103F-16F7-4668-BE54-9A1E7A4F7556}") = "Doara.Domain", "src\Doara.Domain\Doara.Domain.csproj", "{554AD327-6DBA-4F8F-96F8-81CE7A0C863F}"
EndProject
Project("{9A19103F-16F7-4668-BE54-9A1E7A4F7556}") = "Doara.Application", "src\Doara.Application\Doara.Application.csproj", "{1A94A50E-06DC-43C1-80B5-B662820EC3EB}"
EndProject
Project("{9A19103F-16F7-4668-BE54-9A1E7A4F7556}") = "Doara.EntityFrameworkCore", "src\Doara.EntityFrameworkCore\Doara.EntityFrameworkCore.csproj", "{C956DD76-69C8-4A9C-83EA-D17DF83340FD}"
EndProject
Project("{2150E333-8FDC-42A3-9474-1A3956D46DE8}") = "src", "src", "{CA9AC87F-097E-4F15-8393-4BC07735A5B0}"
EndProject
Project("{2150E333-8FDC-42A3-9474-1A3956D46DE8}") = "test", "test", "{04DBDB01-70F4-4E06-B468-8F87850B22BE}"
EndProject
Project("{9A19103F-16F7-4668-BE54-9A1E7A4F7556}") = "Doara.Application.Tests", "test\Doara.Application.Tests\Doara.Application.Tests.csproj", "{50B2631D-129C-47B3-A587-029CCD6099BC}"
EndProject
Project("{9A19103F-16F7-4668-BE54-9A1E7A4F7556}") = "Doara.Domain.Shared", "src\Doara.Domain.Shared\Doara.Domain.Shared.csproj", "{42F719ED-8413-4895-B5B4-5AB56079BC66}"
EndProject
Project("{9A19103F-16F7-4668-BE54-9A1E7A4F7556}") = "Doara.Application.Contracts", "src\Doara.Application.Contracts\Doara.Application.Contracts.csproj", "{520659C8-C734-4298-A3DA-B539DB9DFC0B}"
EndProject
Project("{9A19103F-16F7-4668-BE54-9A1E7A4F7556}") = "Doara.HttpApi", "src\Doara.HttpApi\Doara.HttpApi.csproj", "{4164BDF7-F527-4E85-9CE6-E3C2D7426A27}"
EndProject
Project("{9A19103F-16F7-4668-BE54-9A1E7A4F7556}") = "Doara.HttpApi.Client", "src\Doara.HttpApi.Client\Doara.HttpApi.Client.csproj", "{3B5A0094-670D-4BB1-BFDD-61B88A8773DC}"
EndProject
Project("{9A19103F-16F7-4668-BE54-9A1E7A4F7556}") = "Doara.EntityFrameworkCore.Tests", "test\Doara.EntityFrameworkCore.Tests\Doara.EntityFrameworkCore.Tests.csproj", "{1FE30EB9-74A9-47F5-A9F6-7B1FAB672D81}"
EndProject
Project("{9A19103F-16F7-4668-BE54-9A1E7A4F7556}") = "Doara.TestBase", "test\Doara.TestBase\Doara.TestBase.csproj", "{91853F21-9CD9-4132-BC29-A7D5D84FFFE7}"
EndProject
Project("{9A19103F-16F7-4668-BE54-9A1E7A4F7556}") = "Doara.Domain.Tests", "test\Doara.Domain.Tests\Doara.Domain.Tests.csproj", "{E512F4D9-9375-480F-A2F6-A46509F9D824}"
EndProject
Project("{9A19103F-16F7-4668-BE54-9A1E7A4F7556}") = "Doara.HttpApi.Client.ConsoleTestApp", "test\Doara.HttpApi.Client.ConsoleTestApp\Doara.HttpApi.Client.ConsoleTestApp.csproj", "{EF480016-9127-4916-8735-D2466BDBC582}"
EndProject
Project("{9A19103F-16F7-4668-BE54-9A1E7A4F7556}") = "Doara.DbMigrator", "src\Doara.DbMigrator\Doara.DbMigrator.csproj", "{AA94D832-1CCC-4715-95A9-A483F23A1A5D}"
EndProject
Project("{9A19103F-16F7-4668-BE54-9A1E7A4F7556}") = "Doara.HttpApi.Host", "src\Doara.HttpApi.Host\Doara.HttpApi.Host.csproj", "{748584B1-BA69-4F6A-81AA-F4BDE6BCE29D}"
EndProject
Project("{FAE04EC0-301F-11D3-BF4B-00C04F79EFBC}") = "Doara.Sklady.Domain", "src\Doara.Modules\Doara.Sklady\src\Doara.Sklady.Domain\Doara.Sklady.Domain.csproj", "{01B543FC-BA65-44E1-99BF-F84B9034EF82}"
EndProject
Project("{FAE04EC0-301F-11D3-BF4B-00C04F79EFBC}") = "Doara.Sklady.Application", "src\Doara.Modules\Doara.Sklady\src\Doara.Sklady.Application\Doara.Sklady.Application.csproj", "{7A2A56B7-3BCB-468F-AB76-B325DA8AB41C}"
EndProject
Project("{FAE04EC0-301F-11D3-BF4B-00C04F79EFBC}") = "Doara.Sklady.HttpApi", "src\Doara.Modules\Doara.Sklady\src\Doara.Sklady.HttpApi\Doara.Sklady.HttpApi.csproj", "{2EC4D497-99DB-4772-B145-1A9C15B6B83B}"
EndProject
Project("{2150E333-8FDC-42A3-9474-1A3956D46DE8}") = "Doara.Modules", "Doara.Modules", "{B3695D03-3116-40B2-82C3-55BA17C0E4C6}"
EndProject
Project("{2150E333-8FDC-42A3-9474-1A3956D46DE8}") = "Doara.Sklady", "Doara.Sklady", "{05EBCF70-8717-4BD4-925D-E57A0778C1D8}"
EndProject
Project("{2150E333-8FDC-42A3-9474-1A3956D46DE8}") = "Doara.Ucetnictvi", "Doara.Ucetnictvi", "{123897BF-F042-40DF-9A80-74454178A170}"
EndProject
Project("{FAE04EC0-301F-11D3-BF4B-00C04F79EFBC}") = "Doara.Ucetnictvi.Application", "src\Doara.Modules\Doara.Ucetnictvi\src\Doara.Ucetnictvi.Application\Doara.Ucetnictvi.Application.csproj", "{F00D8874-8133-4E9D-BF57-B541839E546C}"
EndProject
Project("{FAE04EC0-301F-11D3-BF4B-00C04F79EFBC}") = "Doara.Ucetnictvi.Domain", "src\Doara.Modules\Doara.Ucetnictvi\src\Doara.Ucetnictvi.Domain\Doara.Ucetnictvi.Domain.csproj", "{2FB0CE84-946E-4286-B9CD-1A4B95519E6E}"
EndProject
Project("{FAE04EC0-301F-11D3-BF4B-00C04F79EFBC}") = "Doara.Ucetnictvi.HttpApi", "src\Doara.Modules\Doara.Ucetnictvi\src\Doara.Ucetnictvi.HttpApi\Doara.Ucetnictvi.HttpApi.csproj", "{D8592457-43B9-49F7-9421-291BED098442}"
EndProject
Global
	GlobalSection(SolutionConfigurationPlatforms) = preSolution
		Debug|Any CPU = Debug|Any CPU
		Release|Any CPU = Release|Any CPU
	EndGlobalSection
	GlobalSection(ProjectConfigurationPlatforms) = postSolution
		{554AD327-6DBA-4F8F-96F8-81CE7A0C863F}.Debug|Any CPU.ActiveCfg = Debug|Any CPU
		{554AD327-6DBA-4F8F-96F8-81CE7A0C863F}.Debug|Any CPU.Build.0 = Debug|Any CPU
		{554AD327-6DBA-4F8F-96F8-81CE7A0C863F}.Release|Any CPU.ActiveCfg = Release|Any CPU
		{554AD327-6DBA-4F8F-96F8-81CE7A0C863F}.Release|Any CPU.Build.0 = Release|Any CPU
		{1A94A50E-06DC-43C1-80B5-B662820EC3EB}.Debug|Any CPU.ActiveCfg = Debug|Any CPU
		{1A94A50E-06DC-43C1-80B5-B662820EC3EB}.Debug|Any CPU.Build.0 = Debug|Any CPU
		{1A94A50E-06DC-43C1-80B5-B662820EC3EB}.Release|Any CPU.ActiveCfg = Release|Any CPU
		{1A94A50E-06DC-43C1-80B5-B662820EC3EB}.Release|Any CPU.Build.0 = Release|Any CPU
		{C956DD76-69C8-4A9C-83EA-D17DF83340FD}.Debug|Any CPU.ActiveCfg = Debug|Any CPU
		{C956DD76-69C8-4A9C-83EA-D17DF83340FD}.Debug|Any CPU.Build.0 = Debug|Any CPU
		{C956DD76-69C8-4A9C-83EA-D17DF83340FD}.Release|Any CPU.ActiveCfg = Release|Any CPU
		{C956DD76-69C8-4A9C-83EA-D17DF83340FD}.Release|Any CPU.Build.0 = Release|Any CPU
		{50B2631D-129C-47B3-A587-029CCD6099BC}.Debug|Any CPU.ActiveCfg = Debug|Any CPU
		{50B2631D-129C-47B3-A587-029CCD6099BC}.Debug|Any CPU.Build.0 = Debug|Any CPU
		{50B2631D-129C-47B3-A587-029CCD6099BC}.Release|Any CPU.ActiveCfg = Release|Any CPU
		{50B2631D-129C-47B3-A587-029CCD6099BC}.Release|Any CPU.Build.0 = Release|Any CPU
		{42F719ED-8413-4895-B5B4-5AB56079BC66}.Debug|Any CPU.ActiveCfg = Debug|Any CPU
		{42F719ED-8413-4895-B5B4-5AB56079BC66}.Debug|Any CPU.Build.0 = Debug|Any CPU
		{42F719ED-8413-4895-B5B4-5AB56079BC66}.Release|Any CPU.ActiveCfg = Release|Any CPU
		{42F719ED-8413-4895-B5B4-5AB56079BC66}.Release|Any CPU.Build.0 = Release|Any CPU
		{520659C8-C734-4298-A3DA-B539DB9DFC0B}.Debug|Any CPU.ActiveCfg = Debug|Any CPU
		{520659C8-C734-4298-A3DA-B539DB9DFC0B}.Debug|Any CPU.Build.0 = Debug|Any CPU
		{520659C8-C734-4298-A3DA-B539DB9DFC0B}.Release|Any CPU.ActiveCfg = Release|Any CPU
		{520659C8-C734-4298-A3DA-B539DB9DFC0B}.Release|Any CPU.Build.0 = Release|Any CPU
		{4164BDF7-F527-4E85-9CE6-E3C2D7426A27}.Debug|Any CPU.ActiveCfg = Debug|Any CPU
		{4164BDF7-F527-4E85-9CE6-E3C2D7426A27}.Debug|Any CPU.Build.0 = Debug|Any CPU
		{4164BDF7-F527-4E85-9CE6-E3C2D7426A27}.Release|Any CPU.ActiveCfg = Release|Any CPU
		{4164BDF7-F527-4E85-9CE6-E3C2D7426A27}.Release|Any CPU.Build.0 = Release|Any CPU
		{3B5A0094-670D-4BB1-BFDD-61B88A8773DC}.Debug|Any CPU.ActiveCfg = Debug|Any CPU
		{3B5A0094-670D-4BB1-BFDD-61B88A8773DC}.Debug|Any CPU.Build.0 = Debug|Any CPU
		{3B5A0094-670D-4BB1-BFDD-61B88A8773DC}.Release|Any CPU.ActiveCfg = Release|Any CPU
		{3B5A0094-670D-4BB1-BFDD-61B88A8773DC}.Release|Any CPU.Build.0 = Release|Any CPU
		{1FE30EB9-74A9-47F5-A9F6-7B1FAB672D81}.Debug|Any CPU.ActiveCfg = Debug|Any CPU
		{1FE30EB9-74A9-47F5-A9F6-7B1FAB672D81}.Debug|Any CPU.Build.0 = Debug|Any CPU
		{1FE30EB9-74A9-47F5-A9F6-7B1FAB672D81}.Release|Any CPU.ActiveCfg = Release|Any CPU
		{1FE30EB9-74A9-47F5-A9F6-7B1FAB672D81}.Release|Any CPU.Build.0 = Release|Any CPU
		{91853F21-9CD9-4132-BC29-A7D5D84FFFE7}.Debug|Any CPU.ActiveCfg = Debug|Any CPU
		{91853F21-9CD9-4132-BC29-A7D5D84FFFE7}.Debug|Any CPU.Build.0 = Debug|Any CPU
		{91853F21-9CD9-4132-BC29-A7D5D84FFFE7}.Release|Any CPU.ActiveCfg = Release|Any CPU
		{91853F21-9CD9-4132-BC29-A7D5D84FFFE7}.Release|Any CPU.Build.0 = Release|Any CPU
		{E512F4D9-9375-480F-A2F6-A46509F9D824}.Debug|Any CPU.ActiveCfg = Debug|Any CPU
		{E512F4D9-9375-480F-A2F6-A46509F9D824}.Debug|Any CPU.Build.0 = Debug|Any CPU
		{E512F4D9-9375-480F-A2F6-A46509F9D824}.Release|Any CPU.ActiveCfg = Release|Any CPU
		{E512F4D9-9375-480F-A2F6-A46509F9D824}.Release|Any CPU.Build.0 = Release|Any CPU
		{EF480016-9127-4916-8735-D2466BDBC582}.Debug|Any CPU.ActiveCfg = Debug|Any CPU
		{EF480016-9127-4916-8735-D2466BDBC582}.Debug|Any CPU.Build.0 = Debug|Any CPU
		{EF480016-9127-4916-8735-D2466BDBC582}.Release|Any CPU.ActiveCfg = Release|Any CPU
		{EF480016-9127-4916-8735-D2466BDBC582}.Release|Any CPU.Build.0 = Release|Any CPU
		{AA94D832-1CCC-4715-95A9-A483F23A1A5D}.Debug|Any CPU.ActiveCfg = Debug|Any CPU
		{AA94D832-1CCC-4715-95A9-A483F23A1A5D}.Debug|Any CPU.Build.0 = Debug|Any CPU
		{AA94D832-1CCC-4715-95A9-A483F23A1A5D}.Release|Any CPU.ActiveCfg = Release|Any CPU
		{AA94D832-1CCC-4715-95A9-A483F23A1A5D}.Release|Any CPU.Build.0 = Release|Any CPU
		{748584B1-BA69-4F6A-81AA-F4BDE6BCE29D}.Debug|Any CPU.ActiveCfg = Debug|Any CPU
		{748584B1-BA69-4F6A-81AA-F4BDE6BCE29D}.Debug|Any CPU.Build.0 = Debug|Any CPU
		{748584B1-BA69-4F6A-81AA-F4BDE6BCE29D}.Release|Any CPU.ActiveCfg = Release|Any CPU
		{748584B1-BA69-4F6A-81AA-F4BDE6BCE29D}.Release|Any CPU.Build.0 = Release|Any CPU
		{01B543FC-BA65-44E1-99BF-F84B9034EF82}.Debug|Any CPU.ActiveCfg = Debug|Any CPU
		{01B543FC-BA65-44E1-99BF-F84B9034EF82}.Debug|Any CPU.Build.0 = Debug|Any CPU
		{01B543FC-BA65-44E1-99BF-F84B9034EF82}.Release|Any CPU.ActiveCfg = Release|Any CPU
		{01B543FC-BA65-44E1-99BF-F84B9034EF82}.Release|Any CPU.Build.0 = Release|Any CPU
		{7A2A56B7-3BCB-468F-AB76-B325DA8AB41C}.Debug|Any CPU.ActiveCfg = Debug|Any CPU
		{7A2A56B7-3BCB-468F-AB76-B325DA8AB41C}.Debug|Any CPU.Build.0 = Debug|Any CPU
		{7A2A56B7-3BCB-468F-AB76-B325DA8AB41C}.Release|Any CPU.ActiveCfg = Release|Any CPU
		{7A2A56B7-3BCB-468F-AB76-B325DA8AB41C}.Release|Any CPU.Build.0 = Release|Any CPU
		{2EC4D497-99DB-4772-B145-1A9C15B6B83B}.Debug|Any CPU.ActiveCfg = Debug|Any CPU
		{2EC4D497-99DB-4772-B145-1A9C15B6B83B}.Debug|Any CPU.Build.0 = Debug|Any CPU
		{2EC4D497-99DB-4772-B145-1A9C15B6B83B}.Release|Any CPU.ActiveCfg = Release|Any CPU
		{2EC4D497-99DB-4772-B145-1A9C15B6B83B}.Release|Any CPU.Build.0 = Release|Any CPU
		{F00D8874-8133-4E9D-BF57-B541839E546C}.Debug|Any CPU.ActiveCfg = Debug|Any CPU
		{F00D8874-8133-4E9D-BF57-B541839E546C}.Debug|Any CPU.Build.0 = Debug|Any CPU
		{F00D8874-8133-4E9D-BF57-B541839E546C}.Release|Any CPU.ActiveCfg = Release|Any CPU
		{F00D8874-8133-4E9D-BF57-B541839E546C}.Release|Any CPU.Build.0 = Release|Any CPU
		{2FB0CE84-946E-4286-B9CD-1A4B95519E6E}.Debug|Any CPU.ActiveCfg = Debug|Any CPU
		{2FB0CE84-946E-4286-B9CD-1A4B95519E6E}.Debug|Any CPU.Build.0 = Debug|Any CPU
		{2FB0CE84-946E-4286-B9CD-1A4B95519E6E}.Release|Any CPU.ActiveCfg = Release|Any CPU
		{2FB0CE84-946E-4286-B9CD-1A4B95519E6E}.Release|Any CPU.Build.0 = Release|Any CPU
		{D8592457-43B9-49F7-9421-291BED098442}.Debug|Any CPU.ActiveCfg = Debug|Any CPU
		{D8592457-43B9-49F7-9421-291BED098442}.Debug|Any CPU.Build.0 = Debug|Any CPU
		{D8592457-43B9-49F7-9421-291BED098442}.Release|Any CPU.ActiveCfg = Release|Any CPU
		{D8592457-43B9-49F7-9421-291BED098442}.Release|Any CPU.Build.0 = Release|Any CPU
	EndGlobalSection
	GlobalSection(SolutionProperties) = preSolution
		HideSolutionNode = FALSE
	EndGlobalSection
	GlobalSection(NestedProjects) = preSolution
		{554AD327-6DBA-4F8F-96F8-81CE7A0C863F} = {CA9AC87F-097E-4F15-8393-4BC07735A5B0}
		{1A94A50E-06DC-43C1-80B5-B662820EC3EB} = {CA9AC87F-097E-4F15-8393-4BC07735A5B0}
		{C956DD76-69C8-4A9C-83EA-D17DF83340FD} = {CA9AC87F-097E-4F15-8393-4BC07735A5B0}
		{50B2631D-129C-47B3-A587-029CCD6099BC} = {04DBDB01-70F4-4E06-B468-8F87850B22BE}
		{42F719ED-8413-4895-B5B4-5AB56079BC66} = {CA9AC87F-097E-4F15-8393-4BC07735A5B0}
		{520659C8-C734-4298-A3DA-B539DB9DFC0B} = {CA9AC87F-097E-4F15-8393-4BC07735A5B0}
		{4164BDF7-F527-4E85-9CE6-E3C2D7426A27} = {CA9AC87F-097E-4F15-8393-4BC07735A5B0}
		{3B5A0094-670D-4BB1-BFDD-61B88A8773DC} = {CA9AC87F-097E-4F15-8393-4BC07735A5B0}
		{1FE30EB9-74A9-47F5-A9F6-7B1FAB672D81} = {04DBDB01-70F4-4E06-B468-8F87850B22BE}
		{91853F21-9CD9-4132-BC29-A7D5D84FFFE7} = {04DBDB01-70F4-4E06-B468-8F87850B22BE}
		{E512F4D9-9375-480F-A2F6-A46509F9D824} = {04DBDB01-70F4-4E06-B468-8F87850B22BE}
		{EF480016-9127-4916-8735-D2466BDBC582} = {04DBDB01-70F4-4E06-B468-8F87850B22BE}
		{AA94D832-1CCC-4715-95A9-A483F23A1A5D} = {CA9AC87F-097E-4F15-8393-4BC07735A5B0}
		{748584B1-BA69-4F6A-81AA-F4BDE6BCE29D} = {CA9AC87F-097E-4F15-8393-4BC07735A5B0}
		{05EBCF70-8717-4BD4-925D-E57A0778C1D8} = {B3695D03-3116-40B2-82C3-55BA17C0E4C6}
		{7A2A56B7-3BCB-468F-AB76-B325DA8AB41C} = {05EBCF70-8717-4BD4-925D-E57A0778C1D8}
		{01B543FC-BA65-44E1-99BF-F84B9034EF82} = {05EBCF70-8717-4BD4-925D-E57A0778C1D8}
		{2EC4D497-99DB-4772-B145-1A9C15B6B83B} = {05EBCF70-8717-4BD4-925D-E57A0778C1D8}
		{B3695D03-3116-40B2-82C3-55BA17C0E4C6} = {CA9AC87F-097E-4F15-8393-4BC07735A5B0}
		{123897BF-F042-40DF-9A80-74454178A170} = {B3695D03-3116-40B2-82C3-55BA17C0E4C6}
		{2FB0CE84-946E-4286-B9CD-1A4B95519E6E} = {123897BF-F042-40DF-9A80-74454178A170}
		{F00D8874-8133-4E9D-BF57-B541839E546C} = {123897BF-F042-40DF-9A80-74454178A170}
		{D8592457-43B9-49F7-9421-291BED098442} = {123897BF-F042-40DF-9A80-74454178A170}
	EndGlobalSection
	GlobalSection(ExtensibilityGlobals) = postSolution
		SolutionGuid = {28315BFD-90E7-4E14-A2EA-F3D23AF4126F}
	EndGlobalSection
EndGlobal
